
Microsoft Visual Studio Solution File, Format Version 12.00
# Visual Studio Version 17
VisualStudioVersion = 17.4.33403.182
MinimumVisualStudioVersion = 10.0.40219.1
Project("{FAE04EC0-301F-11D3-BF4B-00C04F79EFBC}") = "Lab2array", "Lab2array.csproj", "{3466A27C-FDD7-46EB-9D05-BCC35A3DBE61}"
EndProject
Global
	GlobalSection(SolutionConfigurationPlatforms) = preSolution
		Debug|Any CPU = Debug|Any CPU
		Release|Any CPU = Release|Any CPU
	EndGlobalSection
	GlobalSection(ProjectConfigurationPlatforms) = postSolution
		{3466A27C-FDD7-46EB-9D05-BCC35A3DBE61}.Debug|Any CPU.ActiveCfg = Debug|Any CPU
		{3466A27C-FDD7-46EB-9D05-BCC35A3DBE61}.Debug|Any CPU.Build.0 = Debug|Any CPU
		{3466A27C-FDD7-46EB-9D05-BCC35A3DBE61}.Release|Any CPU.ActiveCfg = Release|Any CPU
		{3466A27C-FDD7-46EB-9D05-BCC35A3DBE61}.Release|Any CPU.Build.0 = Release|Any CPU
	EndGlobalSection
	GlobalSection(SolutionProperties) = preSolution
		HideSolutionNode = FALSE
	EndGlobalSection
	GlobalSection(ExtensibilityGlobals) = postSolution
		SolutionGuid = {83D2A347-6B53-486C-A7E3-6457FBBD3473}
	EndGlobalSection
EndGlobal
